Microsoft Visual Studio Solution File, Format Version 12.00
# Visual Studio Version 16
VisualStudioVersion = 16.0.36602.28
MinimumVisualStudioVersion = 10.0.40219.1
Project("{FAE04EC0-301F-11D3-BF4B-00C04F79EFBC}") = "MySqlWooSyncApp", "MySqlWooSyncApp\MySqlWooSyncApp.csproj", "{7DB1C2E5-7AA2-4C27-B2AD-2A4D0C21FA4E}"
EndProject
Project("{54435603-DBB4-11D2-8724-00A0C9A8B90C}") = "InstaladorSincroAlfer", "InstaladorSincroAlfer\InstaladorSincroAlfer.vdproj", "{23C50229-0142-4E59-B476-BC017A01F1C4}"
EndProject
Global
	GlobalSection(SolutionConfigurationPlatforms) = preSolution
		Debug|Any CPU = Debug|Any CPU
		Release|Any CPU = Release|Any CPU
	EndGlobalSection
	GlobalSection(ProjectConfigurationPlatforms) = postSolution
		{7DB1C2E5-7AA2-4C27-B2AD-2A4D0C21FA4E}.Debug|Any CPU.ActiveCfg = Debug|Any CPU
		{7DB1C2E5-7AA2-4C27-B2AD-2A4D0C21FA4E}.Debug|Any CPU.Build.0 = Debug|Any CPU
		{7DB1C2E5-7AA2-4C27-B2AD-2A4D0C21FA4E}.Release|Any CPU.ActiveCfg = Release|Any CPU
		{7DB1C2E5-7AA2-4C27-B2AD-2A4D0C21FA4E}.Release|Any CPU.Build.0 = Release|Any CPU
		{23C50229-0142-4E59-B476-BC017A01F1C4}.Debug|Any CPU.ActiveCfg = Debug
		{23C50229-0142-4E59-B476-BC017A01F1C4}.Release|Any CPU.ActiveCfg = Release
	EndGlobalSection
	GlobalSection(SolutionProperties) = preSolution
		HideSolutionNode = FALSE
	EndGlobalSection
	GlobalSection(ExtensibilityGlobals) = postSolution
		SolutionGuid = {AD4A2698-AD6B-4090-8587-3479AD76F34B}
	EndGlobalSection
EndGlobal
